
Microsoft Visual Studio Solution File, Format Version 12.00
# Visual Studio Version 17
VisualStudioVersion = 17.0.31903.59
MinimumVisualStudioVersion = 10.0.40219.1
Project("{FAE04EC0-301F-11D3-BF4B-00C04F79EFBC}") = "Api", "src\Api.csproj", "{852AA6BF-F4A0-40F9-9F70-50082B890FFE}"
EndProject
Global
	GlobalSection(SolutionConfigurationPlatforms) = preSolution
		Debug|Any CPU = Debug|Any CPU
		Release|Any CPU = Release|Any CPU
	EndGlobalSection
	GlobalSection(SolutionProperties) = preSolution
		HideSolutionNode = FALSE
	EndGlobalSection
	GlobalSection(ProjectConfigurationPlatforms) = postSolution
		{852AA6BF-F4A0-40F9-9F70-50082B890FFE}.Debug|Any CPU.ActiveCfg = Debug|Any CPU
		{852AA6BF-F4A0-40F9-9F70-50082B890FFE}.Debug|Any CPU.Build.0 = Debug|Any CPU
		{852AA6BF-F4A0-40F9-9F70-50082B890FFE}.Release|Any CPU.ActiveCfg = Release|Any CPU
		{852AA6BF-F4A0-40F9-9F70-50082B890FFE}.Release|Any CPU.Build.0 = Release|Any CPU
	EndGlobalSection
EndGlobal
